
Microsoft Visual Studio Solution File, Format Version 12.00
# Visual Studio Version 17
VisualStudioVersion = 17.5.33627.172
MinimumVisualStudioVersion = 10.0.40219.1
Project("{888888A0-9F3D-457C-B088-3A5042F75D52}") = "pj-euler", "pj-euler\pj-euler.pyproj", "{F6E55532-8F2B-434A-A092-4D2281BF763B}"
EndProject
Global
	GlobalSection(SolutionConfigurationPlatforms) = preSolution
		Debug|Any CPU = Debug|Any CPU
		Release|Any CPU = Release|Any CPU
	EndGlobalSection
	GlobalSection(ProjectConfigurationPlatforms) = postSolution
		{F6E55532-8F2B-434A-A092-4D2281BF763B}.Debug|Any CPU.ActiveCfg = Debug|Any CPU
		{F6E55532-8F2B-434A-A092-4D2281BF763B}.Release|Any CPU.ActiveCfg = Release|Any CPU
	EndGlobalSection
	GlobalSection(SolutionProperties) = preSolution
		HideSolutionNode = FALSE
	EndGlobalSection
	GlobalSection(ExtensibilityGlobals) = postSolution
		SolutionGuid = {86EE97B7-4826-4C99-8CBB-FC285204E42A}
	EndGlobalSection
EndGlobal
